# THIS IS AN AUTOGENERATED FILE. DO NOT EDIT THIS FILE DIRECTLY.
# yarn lockfile v1


"@types/reflect-metadata@^0.0.5":
  version "0.0.5"
  resolved "https://registry.yarnpkg.com/@types/reflect-metadata/-/reflect-metadata-0.0.5.tgz#9c042bfa9803d577aad4f57dfbca4b7cae4286fe"

reflect-metadata@^0.1.9:
  version "0.1.9"
  resolved "https://registry.yarnpkg.com/reflect-metadata/-/reflect-metadata-0.1.9.tgz#987238dc87a516895fe457f130435ffbd763a4d4"

tslib@^1.5.0:
  version "1.5.0"
  resolved "https://registry.yarnpkg.com/tslib/-/tslib-1.5.0.tgz#3bb50f871e5fdf9a4555a9ff237b730860048fea"

typescript@^2.1.5:
  version "2.2.0"
  resolved "https://registry.yarnpkg.com/typescript/-/typescript-2.2.0.tgz#626f2fc70087d2480f21ebb12c1888288c8614e3"
